
Microsoft Visual Studio Solution File, Format Version 12.00
# Visual Studio Version 17
VisualStudioVersion = 17.11.35208.52
MinimumVisualStudioVersion = 10.0.40219.1
Project("{9A19103F-16F7-4668-BE54-9A1E7A4F7556}") = "PatoDraw.Api", "PatoDraw.Api\PatoDraw.Api.csproj", "{2D5E6824-3AE2-4BEE-9ACF-9F7737589481}"
EndProject
Project("{9A19103F-16F7-4668-BE54-9A1E7A4F7556}") = "PatoDraw.Infrastructure", "PatoDraw.Infrastructure\PatoDraw.Infrastructure.csproj", "{D8AB302B-9985-44A5-9E5F-3053480B20DD}"
EndProject
Project("{9A19103F-16F7-4668-BE54-9A1E7A4F7556}") = "PatoDraw.Worker", "PatoDraw.WorkerClient\PatoDraw.Worker.csproj", "{FC6DD9F1-40C5-42AA-87AC-949FCF6335AA}"
EndProject
Project("{FAE04EC0-301F-11D3-BF4B-00C04F79EFBC}") = "PatoDraw.DbMigrations", "PatoDraw.DbMigrations\PatoDraw.DbMigrations.csproj", "{26A32830-CE6B-48DF-9675-D28C3B55B316}"
EndProject
Global
	GlobalSection(SolutionConfigurationPlatforms) = preSolution
		Debug|Any CPU = Debug|Any CPU
		Release|Any CPU = Release|Any CPU
	EndGlobalSection
	GlobalSection(ProjectConfigurationPlatforms) = postSolution
		{2D5E6824-3AE2-4BEE-9ACF-9F7737589481}.Debug|Any CPU.ActiveCfg = Debug|Any CPU
		{2D5E6824-3AE2-4BEE-9ACF-9F7737589481}.Debug|Any CPU.Build.0 = Debug|Any CPU
		{2D5E6824-3AE2-4BEE-9ACF-9F7737589481}.Release|Any CPU.ActiveCfg = Release|Any CPU
		{2D5E6824-3AE2-4BEE-9ACF-9F7737589481}.Release|Any CPU.Build.0 = Release|Any CPU
		{D8AB302B-9985-44A5-9E5F-3053480B20DD}.Debug|Any CPU.ActiveCfg = Debug|Any CPU
		{D8AB302B-9985-44A5-9E5F-3053480B20DD}.Debug|Any CPU.Build.0 = Debug|Any CPU
		{D8AB302B-9985-44A5-9E5F-3053480B20DD}.Release|Any CPU.ActiveCfg = Release|Any CPU
		{D8AB302B-9985-44A5-9E5F-3053480B20DD}.Release|Any CPU.Build.0 = Release|Any CPU
		{FC6DD9F1-40C5-42AA-87AC-949FCF6335AA}.Debug|Any CPU.ActiveCfg = Debug|Any CPU
		{FC6DD9F1-40C5-42AA-87AC-949FCF6335AA}.Debug|Any CPU.Build.0 = Debug|Any CPU
		{FC6DD9F1-40C5-42AA-87AC-949FCF6335AA}.Release|Any CPU.ActiveCfg = Release|Any CPU
		{FC6DD9F1-40C5-42AA-87AC-949FCF6335AA}.Release|Any CPU.Build.0 = Release|Any CPU
		{26A32830-CE6B-48DF-9675-D28C3B55B316}.Debug|Any CPU.ActiveCfg = Debug|Any CPU
		{26A32830-CE6B-48DF-9675-D28C3B55B316}.Debug|Any CPU.Build.0 = Debug|Any CPU
		{26A32830-CE6B-48DF-9675-D28C3B55B316}.Release|Any CPU.ActiveCfg = Release|Any CPU
		{26A32830-CE6B-48DF-9675-D28C3B55B316}.Release|Any CPU.Build.0 = Release|Any CPU
	EndGlobalSection
	GlobalSection(SolutionProperties) = preSolution
		HideSolutionNode = FALSE
	EndGlobalSection
	GlobalSection(ExtensibilityGlobals) = postSolution
		SolutionGuid = {85F2DF7A-D157-4821-A734-F97D68031F4E}
	EndGlobalSection
EndGlobal
